
Microsoft Visual Studio Solution File, Format Version 12.00
# Visual Studio Version 16
VisualStudioVersion = 16.0.33423.256
MinimumVisualStudioVersion = 10.0.40219.1
Project("{FAE04EC0-301F-11D3-BF4B-00C04F79EFBC}") = "SalesWebMVC", "SalesWebMVC\SalesWebMVC.csproj", "{238D931D-63B7-4A5B-9636-A903C8073726}"
EndProject
Global
	GlobalSection(SolutionConfigurationPlatforms) = preSolution
		Debug|Any CPU = Debug|Any CPU
		Release|Any CPU = Release|Any CPU
	EndGlobalSection
	GlobalSection(ProjectConfigurationPlatforms) = postSolution
		{238D931D-63B7-4A5B-9636-A903C8073726}.Debug|Any CPU.ActiveCfg = Debug|Any CPU
		{238D931D-63B7-4A5B-9636-A903C8073726}.Debug|Any CPU.Build.0 = Debug|Any CPU
		{238D931D-63B7-4A5B-9636-A903C8073726}.Release|Any CPU.ActiveCfg = Release|Any CPU
		{238D931D-63B7-4A5B-9636-A903C8073726}.Release|Any CPU.Build.0 = Release|Any CPU
	EndGlobalSection
	GlobalSection(SolutionProperties) = preSolution
		HideSolutionNode = FALSE
	EndGlobalSection
	GlobalSection(ExtensibilityGlobals) = postSolution
		SolutionGuid = {DDA3E701-3DB6-4102-8C35-F776B2A006C7}
	EndGlobalSection
EndGlobal
